github.com/wowchemy/wowchemy-hugo-themes/modules/wowchemy-plugin-netlify v1.0.0 h1:JVsMB1l7HKO1m8eOPIYNHM9DqR89H2iYM8DAGKJF+Io=
github.com/wowchemy/wowchemy-hugo-themes/modules/wowchemy-plugin-netlify v1.0.0/go.mod h1:s40UgLsWfVyCLQ0kPT+hTpHw7PEj+AwZfJPpg/FPqo=
github.com/wowchemy/wowchemy-hugo-themes/modules/wowchemy-plugin-netlify-cms v1.0.0 h1:WCbC3jjXAcFLLPfY/60jVNcV+xf1gZDVOjXmHqz5HBI=
github.com/wowchemy/wowchemy-hugo-themes/modules/wowchemy-plugin-netlify-cms v1.0.0/go.mod h1:TU9YVCjJe8bLLPoPqYp1aFpRC6GNMR2v6mVHrHVIyVs=
github.com/wowchemy/wowchemy-hugo-themes/modules/wowchemy/v5 v5.8.1 h1:xj03worPBPYTaHvWLSzLe3vLSKGmMFYYLN39uQGHZdU=
github.com/wowchemy/wowchemy-hugo-themes/modules/wowchemy/v5 v5.8.1/go.mod h1:O9a4f2VIAAJh/5TG9+e1NjLQD/9z3xZqj9hvLJFrUdI=
